// !$*UTF8*$!
{
	archiveVersion = 1;
	classes = {
	};
	objectVersion = 46;
	objects = {

/* Begin PBXBuildFile section */
		309FE8241B1315A400DEB504 /* main.m in Sources */ = {isa = PBXBuildFile; fileRef = 309FE8231B1315A400DEB504 /* main.m */; };
		309FE8271B1315A400DEB504 /* AppDelegate.m in Sources */ = {isa = PBXBuildFile; fileRef = 309FE8261B1315A400DEB504 /* AppDelegate.m */; };
		309FE82D1B1315A400DEB504 /* Main.storyboard in Resources */ = {isa = PBXBuildFile; fileRef = 309FE82B1B1315A400DEB504 /* Main.storyboard */; };
		309FE82F1B1315A400DEB504 /* Images.xcassets in Resources */ = {isa = PBXBuildFile; fileRef = 309FE82E1B1315A400DEB504 /* Images.xcassets */; };
		309FE8321B1315A400DEB504 /* LaunchScreen.xib in Resources */ = {isa = PBXBuildFile; fileRef = 309FE8301B1315A400DEB504 /* LaunchScreen.xib */; };
		309FE83E1B1315A400DEB504 /* TestTaskTests.m in Sources */ = {isa = PBXBuildFile; fileRef = 309FE83D1B1315A400DEB504 /* TestTaskTests.m */; };
		309FE8781B14D2D200DEB504 /* MapKit.framework in Frameworks */ = {isa = PBXBuildFile; fileRef = 309FE8771B14D2D200DEB504 /* MapKit.framework */; };
		309FE87D1B14F39E00DEB504 /* fbShare.jpeg in Resources */ = {isa = PBXBuildFile; fileRef = 309FE87C1B14F39E00DEB504 /* fbShare.jpeg */; };
		309FE8811B14F51E00DEB504 /* twShare.jpeg in Resources */ = {isa = PBXBuildFile; fileRef = 309FE8801B14F51E00DEB504 /* twShare.jpeg */; };
		309FE88B1B15BB7800DEB504 /* DataManager.m in Sources */ = {isa = PBXBuildFile; fileRef = 309FE8841B15BB7800DEB504 /* DataManager.m */; };
		309FE88C1B15BB7800DEB504 /* ModelUsers.xcdatamodeld in Sources */ = {isa = PBXBuildFile; fileRef = 309FE8851B15BB7800DEB504 /* ModelUsers.xcdatamodeld */; };
		309FE88D1B15BB7800DEB504 /* UserInfo.m in Sources */ = {isa = PBXBuildFile; fileRef = 309FE8881B15BB7800DEB504 /* UserInfo.m */; };
		309FE88E1B15BB7800DEB504 /* UsersModel.m in Sources */ = {isa = PBXBuildFile; fileRef = 309FE88A1B15BB7800DEB504 /* UsersModel.m */; };
		309FE8AF1B15BD3300DEB504 /* AddUserViewController.m in Sources */ = {isa = PBXBuildFile; fileRef = 309FE8A41B15BD3300DEB504 /* AddUserViewController.m */; };
		309FE8B01B15BD3300DEB504 /* DetailedUserInfoViewController.m in Sources */ = {isa = PBXBuildFile; fileRef = 309FE8A61B15BD3300DEB504 /* DetailedUserInfoViewController.m */; };
		309FE8B11B15BD3300DEB504 /* EditUserInfoViewController.m in Sources */ = {isa = PBXBuildFile; fileRef = 309FE8A81B15BD3300DEB504 /* EditUserInfoViewController.m */; };
		309FE8B21B15BD3300DEB504 /* LocationViewController.m in Sources */ = {isa = PBXBuildFile; fileRef = 309FE8AA1B15BD3300DEB504 /* LocationViewController.m */; };
		309FE8B31B15BD3300DEB504 /* UserListTableViewCell.m in Sources */ = {isa = PBXBuildFile; fileRef = 309FE8AC1B15BD3300DEB504 /* UserListTableViewCell.m */; };
		309FE8B41B15BD3300DEB504 /* UsersListTableViewController.m in Sources */ = {isa = PBXBuildFile; fileRef = 309FE8AE1B15BD3300DEB504 /* UsersListTableViewController.m */; };
		D49AD8112F4BDB3C4FDBE740 /* libPods.a in Frameworks */ = {isa = PBXBuildFile; fileRef = 5937C22889A914DF1C622C77 /* libPods.a */; };
/* End PBXBuildFile section */

/* Begin PBXContainerItemProxy section */
		309FE8381B1315A400DEB504 /* PBXContainerItemProxy */ = {
			isa = PBXContainerItemProxy;
			containerPortal = 309FE8161B1315A400DEB504 /* Project object */;
			proxyType = 1;
			remoteGlobalIDString = 309FE81D1B1315A400DEB504;
			remoteInfo = TestTask;
		};
/* End PBXContainerItemProxy section */

/* Begin PBXFileReference section */
		309FE81E1B1315A400DEB504 /* TestTask.app */ = {isa = PBXFileReference; explicitFileType = wrapper.application; includeInIndex = 0; path = TestTask.app; sourceTree = BUILT_PRODUCTS_DIR; };
		309FE8221B1315A400DEB504 /* Info.plist */ = {isa = PBXFileReference; lastKnownFileType = text.plist.xml; path = Info.plist; sourceTree = "<group>"; };
		309FE8231B1315A400DEB504 /* main.m */ = {isa = PBXFileReference; lastKnownFileType = sourcecode.c.objc; path = main.m; sourceTree = "<group>"; };
		309FE8251B1315A400DEB504 /* AppDelegate.h */ = {isa = PBXFileReference; lastKnownFileType = sourcecode.c.h; path = AppDelegate.h; sourceTree = "<group>"; };
		309FE8261B1315A400DEB504 /* AppDelegate.m */ = {isa = PBXFileReference; lastKnownFileType = sourcecode.c.objc; path = AppDelegate.m; sourceTree = "<group>"; };
		309FE82C1B1315A400DEB504 /* Base */ = {isa = PBXFileReference; lastKnownFileType = file.storyboard; name = Base; path = Base.lproj/Main.storyboard; sourceTree = "<group>"; };
		309FE82E1B1315A400DEB504 /* Images.xcassets */ = {isa = PBXFileReference; lastKnownFileType = folder.assetcatalog; path = Images.xcassets; sourceTree = "<group>"; };
		309FE8311B1315A400DEB504 /* Base */ = {isa = PBXFileReference; lastKnownFileType = file.xib; name = Base; path = Base.lproj/LaunchScreen.xib; sourceTree = "<group>"; };
		309FE8371B1315A400DEB504 /* TestTaskTests.xctest */ = {isa = PBXFileReference; explicitFileType = wrapper.cfbundle; includeInIndex = 0; path = TestTaskTests.xctest; sourceTree = BUILT_PRODUCTS_DIR; };
		309FE83C1B1315A400DEB504 /* Info.plist */ = {isa = PBXFileReference; lastKnownFileType = text.plist.xml; path = Info.plist; sourceTree = "<group>"; };
		309FE83D1B1315A400DEB504 /* TestTaskTests.m */ = {isa = PBXFileReference; lastKnownFileType = sourcecode.c.objc; path = TestTaskTests.m; sourceTree = "<group>"; };
		309FE8471B131A2900DEB504 /* PrefixHeader.pch */ = {isa = PBXFileReference; lastKnownFileType = sourcecode.c.h; path = PrefixHeader.pch; sourceTree = "<group>"; };
		309FE8771B14D2D200DEB504 /* MapKit.framework */ = {isa = PBXFileReference; lastKnownFileType = wrapper.framework; name = MapKit.framework; path = System/Library/Frameworks/MapKit.framework; sourceTree = SDKROOT; };
		309FE87C1B14F39E00DEB504 /* fbShare.jpeg */ = {isa = PBXFileReference; lastKnownFileType = image.jpeg; path = fbShare.jpeg; sourceTree = "<group>"; };
		309FE8801B14F51E00DEB504 /* twShare.jpeg */ = {isa = PBXFileReference; lastKnownFileType = image.jpeg; path = twShare.jpeg; sourceTree = "<group>"; };
		309FE8831B15BB7800DEB504 /* DataManager.h */ = {isa = PBXFileReference; fileEncoding = 4; lastKnownFileType = sourcecode.c.h; path = DataManager.h; sourceTree = "<group>"; };
		309FE8841B15BB7800DEB504 /* DataManager.m */ = {isa = PBXFileReference; fileEncoding = 4; lastKnownFileType = sourcecode.c.objc; path = DataManager.m; sourceTree = "<group>"; };
		309FE8861B15BB7800DEB504 /* ModelUsers.xcdatamodel */ = {isa = PBXFileReference; lastKnownFileType = wrapper.xcdatamodel; path = ModelUsers.xcdatamodel; sourceTree = "<group>"; };
		309FE8871B15BB7800DEB504 /* UserInfo.h */ = {isa = PBXFileReference; fileEncoding = 4; lastKnownFileType = sourcecode.c.h; path = UserInfo.h; sourceTree = "<group>"; };
		309FE8881B15BB7800DEB504 /* UserInfo.m */ = {isa = PBXFileReference; fileEncoding = 4; lastKnownFileType = sourcecode.c.objc; path = UserInfo.m; sourceTree = "<group>"; };
		309FE8891B15BB7800DEB504 /* UsersModel.h */ = {isa = PBXFileReference; fileEncoding = 4; lastKnownFileType = sourcecode.c.h; path = UsersModel.h; sourceTree = "<group>"; };
		309FE88A1B15BB7800DEB504 /* UsersModel.m */ = {isa = PBXFileReference; fileEncoding = 4; lastKnownFileType = sourcecode.c.objc; path = UsersModel.m; sourceTree = "<group>"; };
		309FE8A31B15BD3300DEB504 /* AddUserViewController.h */ = {isa = PBXFileReference; fileEncoding = 4; lastKnownFileType = sourcecode.c.h; path = AddUserViewController.h; sourceTree = "<group>"; };
		309FE8A41B15BD3300DEB504 /* AddUserViewController.m */ = {isa = PBXFileReference; fileEncoding = 4; lastKnownFileType = sourcecode.c.objc; path = AddUserViewController.m; sourceTree = "<group>"; };
		309FE8A51B15BD3300DEB504 /* DetailedUserInfoViewController.h */ = {isa = PBXFileReference; fileEncoding = 4; lastKnownFileType = sourcecode.c.h; path = DetailedUserInfoViewController.h; sourceTree = "<group>"; };
		309FE8A61B15BD3300DEB504 /* DetailedUserInfoViewController.m */ = {isa = PBXFileReference; fileEncoding = 4; lastKnownFileType = sourcecode.c.objc; path = DetailedUserInfoViewController.m; sourceTree = "<group>"; };
		309FE8A71B15BD3300DEB504 /* EditUserInfoViewController.h */ = {isa = PBXFileReference; fileEncoding = 4; lastKnownFileType = sourcecode.c.h; path = EditUserInfoViewController.h; sourceTree = "<group>"; };
		309FE8A81B15BD3300DEB504 /* EditUserInfoViewController.m */ = {isa = PBXFileReference; fileEncoding = 4; lastKnownFileType = sourcecode.c.objc; path = EditUserInfoViewController.m; sourceTree = "<group>"; };
		309FE8A91B15BD3300DEB504 /* LocationViewController.h */ = {isa = PBXFileReference; fileEncoding = 4; lastKnownFileType = sourcecode.c.h; path = LocationViewController.h; sourceTree = "<group>"; };
		309FE8AA1B15BD3300DEB504 /* LocationViewController.m */ = {isa = PBXFileReference; fileEncoding = 4; lastKnownFileType = sourcecode.c.objc; path = LocationViewController.m; sourceTree = "<group>"; };
		309FE8AB1B15BD3300DEB504 /* UserListTableViewCell.h */ = {isa = PBXFileReference; fileEncoding = 4; lastKnownFileType = sourcecode.c.h; path = UserListTableViewCell.h; sourceTree = "<group>"; };
		309FE8AC1B15BD3300DEB504 /* UserListTableViewCell.m */ = {isa = PBXFileReference; fileEncoding = 4; lastKnownFileType = sourcecode.c.objc; path = UserListTableViewCell.m; sourceTree = "<group>"; };
		309FE8AD1B15BD3300DEB504 /* UsersListTableViewController.h */ = {isa = PBXFileReference; fileEncoding = 4; lastKnownFileType = sourcecode.c.h; path = UsersListTableViewController.h; sourceTree = "<group>"; };
		309FE8AE1B15BD3300DEB504 /* UsersListTableViewController.m */ = {isa = PBXFileReference; fileEncoding = 4; lastKnownFileType = sourcecode.c.objc; path = UsersListTableViewController.m; sourceTree = "<group>"; };
		5937C22889A914DF1C622C77 /* libPods.a */ = {isa = PBXFileReference; explicitFileType = archive.ar; includeInIndex = 0; path = libPods.a; sourceTree = BUILT_PRODUCTS_DIR; };
		82237698F0555B8DD2F65253 /* Pods.release.xcconfig */ = {isa = PBXFileReference; includeInIndex = 1; lastKnownFileType = text.xcconfig; name = Pods.release.xcconfig; path = "Pods/Target Support Files/Pods/Pods.release.xcconfig"; sourceTree = "<group>"; };
		FE82EFD0E29390A450581990 /* Pods.debug.xcconfig */ = {isa = PBXFileReference; includeInIndex = 1; lastKnownFileType = text.xcconfig; name = Pods.debug.xcconfig; path = "Pods/Target Support Files/Pods/Pods.debug.xcconfig"; sourceTree = "<group>"; };
/* End PBXFileReference section */

/* Begin PBXFrameworksBuildPhase section */
		309FE81B1B1315A400DEB504 /* Frameworks */ = {
			isa = PBXFrameworksBuildPhase;
			buildActionMask = 2147483647;
			files = (
				309FE8781B14D2D200DEB504 /* MapKit.framework in Frameworks */,
				D49AD8112F4BDB3C4FDBE740 /* libPods.a in Frameworks */,
			);
			runOnlyForDeploymentPostprocessing = 0;
		};
		309FE8341B1315A400DEB504 /* Frameworks */ = {
			isa = PBXFrameworksBuildPhase;
			buildActionMask = 2147483647;
			files = (
			);
			runOnlyForDeploymentPostprocessing = 0;
		};
/* End PBXFrameworksBuildPhase section */

/* Begin PBXGroup section */
		0EB589B42291693ABA461F8A /* Pods */ = {
			isa = PBXGroup;
			children = (
				FE82EFD0E29390A450581990 /* Pods.debug.xcconfig */,
				82237698F0555B8DD2F65253 /* Pods.release.xcconfig */,
			);
			name = Pods;
			sourceTree = "<group>";
		};
		2899F0BFEAF95B3353031777 /* Frameworks */ = {
			isa = PBXGroup;
			children = (
				309FE8771B14D2D200DEB504 /* MapKit.framework */,
				5937C22889A914DF1C622C77 /* libPods.a */,
			);
			name = Frameworks;
			sourceTree = "<group>";
		};
		309FE8151B1315A400DEB504 = {
			isa = PBXGroup;
			children = (
				309FE8471B131A2900DEB504 /* PrefixHeader.pch */,
				309FE8201B1315A400DEB504 /* TestTask */,
				309FE83A1B1315A400DEB504 /* TestTaskTests */,
				309FE81F1B1315A400DEB504 /* Products */,
				0EB589B42291693ABA461F8A /* Pods */,
				2899F0BFEAF95B3353031777 /* Frameworks */,
			);
			sourceTree = "<group>";
		};
		309FE81F1B1315A400DEB504 /* Products */ = {
			isa = PBXGroup;
			children = (
				309FE81E1B1315A400DEB504 /* TestTask.app */,
				309FE8371B1315A400DEB504 /* TestTaskTests.xctest */,
			);
			name = Products;
			sourceTree = "<group>";
		};
		309FE8201B1315A400DEB504 /* TestTask */ = {
			isa = PBXGroup;
			children = (
				309FE8821B15BB7800DEB504 /* Data Model */,
				309FE8A21B15BD3300DEB504 /* ViewControllers */,
				309FE8251B1315A400DEB504 /* AppDelegate.h */,
				309FE8261B1315A400DEB504 /* AppDelegate.m */,
				309FE82B1B1315A400DEB504 /* Main.storyboard */,
				309FE82E1B1315A400DEB504 /* Images.xcassets */,
				309FE8301B1315A400DEB504 /* LaunchScreen.xib */,
				309FE8211B1315A400DEB504 /* Supporting Files */,
			);
			path = TestTask;
			sourceTree = "<group>";
		};
		309FE8211B1315A400DEB504 /* Supporting Files */ = {
			isa = PBXGroup;
			children = (
				309FE8801B14F51E00DEB504 /* twShare.jpeg */,
				309FE87C1B14F39E00DEB504 /* fbShare.jpeg */,
				309FE8221B1315A400DEB504 /* Info.plist */,
				309FE8231B1315A400DEB504 /* main.m */,
			);
			name = "Supporting Files";
			sourceTree = "<group>";
		};
		309FE83A1B1315A400DEB504 /* TestTaskTests */ = {
			isa = PBXGroup;
			children = (
				309FE83D1B1315A400DEB504 /* TestTaskTests.m */,
				309FE83B1B1315A400DEB504 /* Supporting Files */,
			);
			path = TestTaskTests;
			sourceTree = "<group>";
		};
		309FE83B1B1315A400DEB504 /* Supporting Files */ = {
			isa = PBXGroup;
			children = (
				309FE83C1B1315A400DEB504 /* Info.plist */,
			);
			name = "Supporting Files";
			sourceTree = "<group>";
		};
		309FE8821B15BB7800DEB504 /* Data Model */ = {
			isa = PBXGroup;
			children = (
				309FE8831B15BB7800DEB504 /* DataManager.h */,
				309FE8841B15BB7800DEB504 /* DataManager.m */,
				309FE8851B15BB7800DEB504 /* ModelUsers.xcdatamodeld */,
				309FE8871B15BB7800DEB504 /* UserInfo.h */,
				309FE8881B15BB7800DEB504 /* UserInfo.m */,
				309FE8891B15BB7800DEB504 /* UsersModel.h */,
				309FE88A1B15BB7800DEB504 /* UsersModel.m */,
			);
			path = "Data Model";
			sourceTree = "<group>";
		};
		309FE8A21B15BD3300DEB504 /* ViewControllers */ = {
			isa = PBXGroup;
			children = (
				309FE8A31B15BD3300DEB504 /* AddUserViewController.h */,
				309FE8A41B15BD3300DEB504 /* AddUserViewController.m */,
				309FE8A51B15BD3300DEB504 /* DetailedUserInfoViewController.h */,
				309FE8A61B15BD3300DEB504 /* DetailedUserInfoViewController.m */,
				309FE8A71B15BD3300DEB504 /* EditUserInfoViewController.h */,
				309FE8A81B15BD3300DEB504 /* EditUserInfoViewController.m */,
				309FE8A91B15BD3300DEB504 /* LocationViewController.h */,
				309FE8AA1B15BD3300DEB504 /* LocationViewController.m */,
				309FE8AB1B15BD3300DEB504 /* UserListTableViewCell.h */,
				309FE8AC1B15BD3300DEB504 /* UserListTableViewCell.m */,
				309FE8AD1B15BD3300DEB504 /* UsersListTableViewController.h */,
				309FE8AE1B15BD3300DEB504 /* UsersListTableViewController.m */,
			);
			path = ViewControllers;
			sourceTree = "<group>";
		};
/* End PBXGroup section */

/* Begin PBXNativeTarget section */
		309FE81D1B1315A400DEB504 /* TestTask */ = {
			isa = PBXNativeTarget;
			buildConfigurationList = 309FE8411B1315A400DEB504 /* Build configuration list for PBXNativeTarget "TestTask" */;
			buildPhases = (
				6981A096B7B5162A0A2EC6C5 /* Check Pods Manifest.lock */,
				309FE81A1B1315A400DEB504 /* Sources */,
				309FE81B1B1315A400DEB504 /* Frameworks */,
				309FE81C1B1315A400DEB504 /* Resources */,
				2BFE601C0FF5B53F1D4381AA /* Copy Pods Resources */,
			);
			buildRules = (
			);
			dependencies = (
			);
			name = TestTask;
			productName = TestTask;
			productReference = 309FE81E1B1315A400DEB504 /* TestTask.app */;
			productType = "com.apple.product-type.application";
		};
		309FE8361B1315A400DEB504 /* TestTaskTests */ = {
			isa = PBXNativeTarget;
			buildConfigurationList = 309FE8441B1315A400DEB504 /* Build configuration list for PBXNativeTarget "TestTaskTests" */;
			buildPhases = (
				309FE8331B1315A400DEB504 /* Sources */,
				309FE8341B1315A400DEB504 /* Frameworks */,
				309FE8351B1315A400DEB504 /* Resources */,
			);
			buildRules = (
			);
			dependencies = (
				309FE8391B1315A400DEB504 /* PBXTargetDependency */,
			);
			name = TestTaskTests;
			productName = TestTaskTests;
			productReference = 309FE8371B1315A400DEB504 /* TestTaskTests.xctest */;
			productType = "com.apple.product-type.bundle.unit-test";
		};
/* End PBXNativeTarget section */

/* Begin PBXProject section */
		309FE8161B1315A400DEB504 /* Project object */ = {
			isa = PBXProject;
			attributes = {
				LastUpgradeCheck = 0610;
				ORGANIZATIONNAME = Roman;
				TargetAttributes = {
					309FE81D1B1315A400DEB504 = {
						CreatedOnToolsVersion = 6.1;
					};
					309FE8361B1315A400DEB504 = {
						CreatedOnToolsVersion = 6.1;
						TestTargetID = 309FE81D1B1315A400DEB504;
					};
				};
			};
			buildConfigurationList = 309FE8191B1315A400DEB504 /* Build configuration list for PBXProject "TestTask" */;
			compatibilityVersion = "Xcode 3.2";
			developmentRegion = English;
			hasScannedForEncodings = 0;
			knownRegions = (
				en,
				Base,
			);
			mainGroup = 309FE8151B1315A400DEB504;
			productRefGroup = 309FE81F1B1315A400DEB504 /* Products */;
			projectDirPath = "";
			projectRoot = "";
			targets = (
				309FE81D1B1315A400DEB504 /* TestTask */,
				309FE8361B1315A400DEB504 /* TestTaskTests */,
			);
		};
/* End PBXProject section */

/* Begin PBXResourcesBuildPhase section */
		309FE81C1B1315A400DEB504 /* Resources */ = {
			isa = PBXResourcesBuildPhase;
			buildActionMask = 2147483647;
			files = (
				309FE82D1B1315A400DEB504 /* Main.storyboard in Resources */,
				309FE8811B14F51E00DEB504 /* twShare.jpeg in Resources */,
				309FE8321B1315A400DEB504 /* LaunchScreen.xib in Resources */,
				309FE82F1B1315A400DEB504 /* Images.xcassets in Resources */,
				309FE87D1B14F39E00DEB504 /* fbShare.jpeg in Resources */,
			);
			runOnlyForDeploymentPostprocessing = 0;
		};
		309FE8351B1315A400DEB504 /* Resources */ = {
			isa = PBXResourcesBuildPhase;
			buildActionMask = 2147483647;
			files = (
			);
			runOnlyForDeploymentPostprocessing = 0;
		};
/* End PBXResourcesBuildPhase section */

/* Begin PBXShellScriptBuildPhase section */
		2BFE601C0FF5B53F1D4381AA /* Copy Pods Resources */ = {
			isa = PBXShellScriptBuildPhase;
			buildActionMask = 2147483647;
			files = (
			);
			inputPaths = (
			);
			name = "Copy Pods Resources";
			outputPaths = (
			);
			runOnlyForDeploymentPostprocessing = 0;
			shellPath = /bin/sh;
			shellScript = "\"${SRCROOT}/Pods/Target Support Files/Pods/Pods-resources.sh\"\n";
			showEnvVarsInLog = 0;
		};
		6981A096B7B5162A0A2EC6C5 /* Check Pods Manifest.lock */ = {
			isa = PBXShellScriptBuildPhase;
			buildActionMask = 2147483647;
			files = (
			);
			inputPaths = (
			);
			name = "Check Pods Manifest.lock";
			outputPaths = (
			);
			runOnlyForDeploymentPostprocessing = 0;
			shellPath = /bin/sh;
			shellScript = "diff \"${PODS_ROOT}/../Podfile.lock\" \"${PODS_ROOT}/Manifest.lock\" > /dev/null\nif [[ $? != 0 ]] ; then\n    cat << EOM\nerror: The sandbox is not in sync with the Podfile.lock. Run 'pod install' or update your CocoaPods installation.\nEOM\n    exit 1\nfi\n";
			showEnvVarsInLog = 0;
		};
/* End PBXShellScriptBuildPhase section */

/* Begin PBXSourcesBuildPhase section */
		309FE81A1B1315A400DEB504 /* Sources */ = {
			isa = PBXSourcesBuildPhase;
			buildActionMask = 2147483647;
			files = (
				309FE88B1B15BB7800DEB504 /* DataManager.m in Sources */,
				309FE8B11B15BD3300DEB504 /* EditUserInfoViewController.m in Sources */,
				309FE8B41B15BD3300DEB504 /* UsersListTableViewController.m in Sources */,
				309FE88D1B15BB7800DEB504 /* UserInfo.m in Sources */,
				309FE8B01B15BD3300DEB504 /* DetailedUserInfoViewController.m in Sources */,
				309FE88E1B15BB7800DEB504 /* UsersModel.m in Sources */,
				309FE8B31B15BD3300DEB504 /* UserListTableViewCell.m in Sources */,
				309FE88C1B15BB7800DEB504 /* ModelUsers.xcdatamodeld in Sources */,
				309FE8AF1B15BD3300DEB504 /* AddUserViewController.m in Sources */,
				309FE8271B1315A400DEB504 /* AppDelegate.m in Sources */,
				309FE8241B1315A400DEB504 /* main.m in Sources */,
				309FE8B21B15BD3300DEB504 /* LocationViewController.m in Sources */,
			);
			runOnlyForDeploymentPostprocessing = 0;
		};
		309FE8331B1315A400DEB504 /* Sources */ = {
			isa = PBXSourcesBuildPhase;
			buildActionMask = 2147483647;
			files = (
				309FE83E1B1315A400DEB504 /* TestTaskTests.m in Sources */,
			);
			runOnlyForDeploymentPostprocessing = 0;
		};
/* End PBXSourcesBuildPhase section */

/* Begin PBXTargetDependency section */
		309FE8391B1315A400DEB504 /* PBXTargetDependency */ = {
			isa = PBXTargetDependency;
			target = 309FE81D1B1315A400DEB504 /* TestTask */;
			targetProxy = 309FE8381B1315A400DEB504 /* PBXContainerItemProxy */;
		};
/* End PBXTargetDependency section */

/* Begin PBXVariantGroup section */
		309FE82B1B1315A400DEB504 /* Main.storyboard */ = {
			isa = PBXVariantGroup;
			children = (
				309FE82C1B1315A400DEB504 /* Base */,
			);
			name = Main.storyboard;
			sourceTree = "<group>";
		};
		309FE8301B1315A400DEB504 /* LaunchScreen.xib */ = {
			isa = PBXVariantGroup;
			children = (
				309FE8311B1315A400DEB504 /* Base */,
			);
			name = LaunchScreen.xib;
			sourceTree = "<group>";
		};
/* End PBXVariantGroup section */

/* Begin XCBuildConfiguration section */
		309FE83F1B1315A400DEB504 /* Debug */ = {
			isa = XCBuildConfiguration;
			buildSettings = {
				ALWAYS_SEARCH_USER_PATHS = NO;
				CLANG_CXX_LANGUAGE_STANDARD = "gnu++0x";
				CLANG_CXX_LIBRARY = "libc++";
				CLANG_ENABLE_MODULES = YES;
				CLANG_ENABLE_OBJC_ARC = YES;
				CLANG_WARN_BOOL_CONVERSION = YES;
				CLANG_WARN_CONSTANT_CONVERSION = YES;
				CLANG_WARN_DIRECT_OBJC_ISA_USAGE = YES_ERROR;
				CLANG_WARN_EMPTY_BODY = YES;
				CLANG_WARN_ENUM_CONVERSION = YES;
				CLANG_WARN_INT_CONVERSION = YES;
				CLANG_WARN_OBJC_ROOT_CLASS = YES_ERROR;
				CLANG_WARN_UNREACHABLE_CODE = YES;
				CLANG_WARN__DUPLICATE_METHOD_MATCH = YES;
				"CODE_SIGN_IDENTITY[sdk=iphoneos*]" = "iPhone Developer";
				COPY_PHASE_STRIP = NO;
				ENABLE_STRICT_OBJC_MSGSEND = YES;
				GCC_C_LANGUAGE_STANDARD = gnu99;
				GCC_DYNAMIC_NO_PIC = NO;
				GCC_OPTIMIZATION_LEVEL = 0;
				GCC_PREPROCESSOR_DEFINITIONS = (
					"DEBUG=1",
					"$(inherited)",
				);
				GCC_SYMBOLS_PRIVATE_EXTERN = NO;
				GCC_WARN_64_TO_32_BIT_CONVERSION = YES;
				GCC_WARN_ABOUT_RETURN_TYPE = YES_ERROR;
				GCC_WARN_UNDECLARED_SELECTOR = YES;
				GCC_WARN_UNINITIALIZED_AUTOS = YES_AGGRESSIVE;
				GCC_WARN_UNUSED_FUNCTION = YES;
				GCC_WARN_UNUSED_VARIABLE = YES;
				IPHONEOS_DEPLOYMENT_TARGET = 8.1;
				MTL_ENABLE_DEBUG_INFO = YES;
				ONLY_ACTIVE_ARCH = YES;
				SDKROOT = iphoneos;
			};
			name = Debug;
		};
		309FE8401B1315A400DEB504 /* Release */ = {
			isa = XCBuildConfiguration;
			buildSettings = {
				ALWAYS_SEARCH_USER_PATHS = NO;
				CLANG_CXX_LANGUAGE_STANDARD = "gnu++0x";
				CLANG_CXX_LIBRARY = "libc++";
				CLANG_ENABLE_MODULES = YES;
				CLANG_ENABLE_OBJC_ARC = YES;
				CLANG_WARN_BOOL_CONVERSION = YES;
				CLANG_WARN_CONSTANT_CONVERSION = YES;
				CLANG_WARN_DIRECT_OBJC_ISA_USAGE = YES_ERROR;
				CLANG_WARN_EMPTY_BODY = YES;
				CLANG_WARN_ENUM_CONVERSION = YES;
				CLANG_WARN_INT_CONVERSION = YES;
				CLANG_WARN_OBJC_ROOT_CLASS = YES_ERROR;
				CLANG_WARN_UNREACHABLE_CODE = YES;
				CLANG_WARN__DUPLICATE_METHOD_MATCH = YES;
				"CODE_SIGN_IDENTITY[sdk=iphoneos*]" = "iPhone Developer";
				COPY_PHASE_STRIP = YES;
				ENABLE_NS_ASSERTIONS = NO;
				ENABLE_STRICT_OBJC_MSGSEND = YES;
				GCC_C_LANGUAGE_STANDARD = gnu99;
				GCC_WARN_64_TO_32_BIT_CONVERSION = YES;
				GCC_WARN_ABOUT_RETURN_TYPE = YES_ERROR;
				GCC_WARN_UNDECLARED_SELECTOR = YES;
				GCC_WARN_UNINITIALIZED_AUTOS = YES_AGGRESSIVE;
				GCC_WARN_UNUSED_FUNCTION = YES;
				GCC_WARN_UNUSED_VARIABLE = YES;
				IPHONEOS_DEPLOYMENT_TARGET = 8.1;
				MTL_ENABLE_DEBUG_INFO = NO;
				SDKROOT = iphoneos;
				VALIDATE_PRODUCT = YES;
			};
			name = Release;
		};
		309FE8421B1315A400DEB504 /* Debug */ = {
			isa = XCBuildConfiguration;
			baseConfigurationReference = FE82EFD0E29390A450581990 /* Pods.debug.xcconfig */;
			buildSettings = {
				ASSETCATALOG_COMPILER_APPICON_NAME = AppIcon;
				GCC_PREFIX_HEADER = PrefixHeader.pch;
				INFOPLIST_FILE = TestTask/Info.plist;
				LD_RUNPATH_SEARCH_PATHS = "$(inherited) @executable_path/Frameworks";
				PRODUCT_NAME = "$(TARGET_NAME)";
			};
			name = Debug;
		};
		309FE8431B1315A400DEB504 /* Release */ = {
			isa = XCBuildConfiguration;
			baseConfigurationReference = 82237698F0555B8DD2F65253 /* Pods.release.xcconfig */;
			buildSettings = {
				ASSETCATALOG_COMPILER_APPICON_NAME = AppIcon;
				GCC_PREFIX_HEADER = PrefixHeader.pch;
				INFOPLIST_FILE = TestTask/Info.plist;
				LD_RUNPATH_SEARCH_PATHS = "$(inherited) @executable_path/Frameworks";
				PRODUCT_NAME = "$(TARGET_NAME)";
			};
			name = Release;
		};
		309FE8451B1315A400DEB504 /* Debug */ = {
			isa = XCBuildConfiguration;
			buildSettings = {
				BUNDLE_LOADER = "$(TEST_HOST)";
				FRAMEWORK_SEARCH_PATHS = (
					"$(SDKROOT)/Developer/Library/Frameworks",
					"$(inherited)",
				);
				GCC_PREPROCESSOR_DEFINITIONS = (
					"DEBUG=1",
					"$(inherited)",
				);
				INFOPLIST_FILE = TestTaskTests/Info.plist;
				LD_RUNPATH_SEARCH_PATHS = "$(inherited) @executable_path/Frameworks @loader_path/Frameworks";
				PRODUCT_NAME = "$(TARGET_NAME)";
				TEST_HOST = "$(BUILT_PRODUCTS_DIR)/TestTask.app/TestTask";
			};
			name = Debug;
		};
		309FE8461B1315A400DEB504 /* Release */ = {
			isa = XCBuildConfiguration;
			buildSettings = {
				BUNDLE_LOADER = "$(TEST_HOST)";
				FRAMEWORK_SEARCH_PATHS = (
					"$(SDKROOT)/Developer/Library/Frameworks",
					"$(inherited)",
				);
				INFOPLIST_FILE = TestTaskTests/Info.plist;
				LD_RUNPATH_SEARCH_PATHS = "$(inherited) @executable_path/Frameworks @loader_path/Frameworks";
				PRODUCT_NAME = "$(TARGET_NAME)";
				TEST_HOST = "$(BUILT_PRODUCTS_DIR)/TestTask.app/TestTask";
			};
			name = Release;
		};
/* End XCBuildConfiguration section */

/* Begin XCConfigurationList section */
		309FE8191B1315A400DEB504 /* Build configuration list for PBXProject "TestTask" */ = {
			isa = XCConfigurationList;
			buildConfigurations = (
				309FE83F1B1315A400DEB504 /* Debug */,
				309FE8401B1315A400DEB504 /* Release */,
			);
			defaultConfigurationIsVisible = 0;
			defaultConfigurationName = Release;
		};
		309FE8411B1315A400DEB504 /* Build configuration list for PBXNativeTarget "TestTask" */ = {
			isa = XCConfigurationList;
			buildConfigurations = (
				309FE8421B1315A400DEB504 /* Debug */,
				309FE8431B1315A400DEB504 /* Release */,
			);
			defaultConfigurationIsVisible = 0;
			defaultConfigurationName = Release;
		};
		309FE8441B1315A400DEB504 /* Build configuration list for PBXNativeTarget "TestTaskTests" */ = {
			isa = XCConfigurationList;
			buildConfigurations = (
				309FE8451B1315A400DEB504 /* Debug */,
				309FE8461B1315A400DEB504 /* Release */,
			);
			defaultConfigurationIsVisible = 0;
			defaultConfigurationName = Release;
		};
/* End XCConfigurationList section */

/* Begin XCVersionGroup section */
		309FE8851B15BB7800DEB504 /* ModelUsers.xcdatamodeld */ = {
			isa = XCVersionGroup;
			children = (
				309FE8861B15BB7800DEB504 /* ModelUsers.xcdatamodel */,
			);
			currentVersion = 309FE8861B15BB7800DEB504 /* ModelUsers.xcdatamodel */;
			path = ModelUsers.xcdatamodeld;
			sourceTree = "<group>";
			versionGroupType = wrapper.xcdatamodel;
		};
/* End XCVersionGroup section */
	};
	rootObject = 309FE8161B1315A400DEB504 /* Project object */;
}
